
Microsoft Visual Studio Solution File, Format Version 12.00
# Visual Studio Version 16
VisualStudioVersion = 16.0.30114.105
MinimumVisualStudioVersion = 10.0.40219.1
Project("{FAE04EC0-301F-11D3-BF4B-00C04F79EFBC}") = "ExercicioProduto", "ExercicioProduto\ExercicioProduto.csproj", "{BDC13D39-7D19-40D1-B324-568479F2ABEB}"
EndProject
Global
	GlobalSection(SolutionConfigurationPlatforms) = preSolution
		Debug|Any CPU = Debug|Any CPU
		Release|Any CPU = Release|Any CPU
	EndGlobalSection
	GlobalSection(ProjectConfigurationPlatforms) = postSolution
		{BDC13D39-7D19-40D1-B324-568479F2ABEB}.Debug|Any CPU.ActiveCfg = Debug|Any CPU
		{BDC13D39-7D19-40D1-B324-568479F2ABEB}.Debug|Any CPU.Build.0 = Debug|Any CPU
		{BDC13D39-7D19-40D1-B324-568479F2ABEB}.Release|Any CPU.ActiveCfg = Release|Any CPU
		{BDC13D39-7D19-40D1-B324-568479F2ABEB}.Release|Any CPU.Build.0 = Release|Any CPU
	EndGlobalSection
	GlobalSection(SolutionProperties) = preSolution
		HideSolutionNode = FALSE
	EndGlobalSection
	GlobalSection(ExtensibilityGlobals) = postSolution
		SolutionGuid = {ABFD6978-9CAD-42F6-98E9-DC9C34C34F34}
	EndGlobalSection
EndGlobal
